
Microsoft Visual Studio Solution File, Format Version 11.00
# Visual Studio 2010
Project("{FAE04EC0-301F-11D3-BF4B-00C04F79EFBC}") = "CallCenterAPI-dotnet", "ConsoleApplication1\CallCenterAPI-dotnet.csproj", "{BBF0039A-FCEA-4790-902B-50800A3375F4}"
EndProject
Project("{FAE04EC0-301F-11D3-BF4B-00C04F79EFBC}") = "CallCenterAPI-dotnet.Tests", "CallCenterAPI-dotnet.Tests\CallCenterAPI-dotnet.Tests.csproj", "{0F1AA4BC-1B17-4D8C-9623-B9E57703A951}"
EndProject
Project("{2150E333-8FDC-42A3-9474-1A3956D46DE8}") = "Solution Items", "Solution Items", "{ABA2862B-67AC-4849-A0E2-D8D3B0326D0F}"
	ProjectSection(SolutionItems) = preProject
		CallCenterAPI-dotnet.vsmdi = CallCenterAPI-dotnet.vsmdi
		Local.testsettings = Local.testsettings
		TraceAndTestImpact.testsettings = TraceAndTestImpact.testsettings
	EndProjectSection
EndProject
Global
	GlobalSection(TestCaseManagementSettings) = postSolution
		CategoryFile = CallCenterAPI-dotnet.vsmdi
	EndGlobalSection
	GlobalSection(SolutionConfigurationPlatforms) = preSolution
		Debug|Any CPU = Debug|Any CPU
		Debug|Mixed Platforms = Debug|Mixed Platforms
		Debug|x86 = Debug|x86
		Release|Any CPU = Release|Any CPU
		Release|Mixed Platforms = Release|Mixed Platforms
		Release|x86 = Release|x86
	EndGlobalSection
	GlobalSection(ProjectConfigurationPlatforms) = postSolution
		{BBF0039A-FCEA-4790-902B-50800A3375F4}.Debug|Any CPU.ActiveCfg = Debug|x86
		{BBF0039A-FCEA-4790-902B-50800A3375F4}.Debug|Mixed Platforms.ActiveCfg = Debug|x86
		{BBF0039A-FCEA-4790-902B-50800A3375F4}.Debug|Mixed Platforms.Build.0 = Debug|x86
		{BBF0039A-FCEA-4790-902B-50800A3375F4}.Debug|x86.ActiveCfg = Debug|x86
		{BBF0039A-FCEA-4790-902B-50800A3375F4}.Debug|x86.Build.0 = Debug|x86
		{BBF0039A-FCEA-4790-902B-50800A3375F4}.Release|Any CPU.ActiveCfg = Release|x86
		{BBF0039A-FCEA-4790-902B-50800A3375F4}.Release|Mixed Platforms.ActiveCfg = Release|x86
		{BBF0039A-FCEA-4790-902B-50800A3375F4}.Release|Mixed Platforms.Build.0 = Release|x86
		{BBF0039A-FCEA-4790-902B-50800A3375F4}.Release|x86.ActiveCfg = Release|x86
		{BBF0039A-FCEA-4790-902B-50800A3375F4}.Release|x86.Build.0 = Release|x86
		{0F1AA4BC-1B17-4D8C-9623-B9E57703A951}.Debug|Any CPU.ActiveCfg = Debug|Any CPU
		{0F1AA4BC-1B17-4D8C-9623-B9E57703A951}.Debug|Any CPU.Build.0 = Debug|Any CPU
		{0F1AA4BC-1B17-4D8C-9623-B9E57703A951}.Debug|Mixed Platforms.ActiveCfg = Debug|Any CPU
		{0F1AA4BC-1B17-4D8C-9623-B9E57703A951}.Debug|Mixed Platforms.Build.0 = Debug|Any CPU
		{0F1AA4BC-1B17-4D8C-9623-B9E57703A951}.Debug|x86.ActiveCfg = Debug|Any CPU
		{0F1AA4BC-1B17-4D8C-9623-B9E57703A951}.Release|Any CPU.ActiveCfg = Release|Any CPU
		{0F1AA4BC-1B17-4D8C-9623-B9E57703A951}.Release|Any CPU.Build.0 = Release|Any CPU
		{0F1AA4BC-1B17-4D8C-9623-B9E57703A951}.Release|Mixed Platforms.ActiveCfg = Release|Any CPU
		{0F1AA4BC-1B17-4D8C-9623-B9E57703A951}.Release|Mixed Platforms.Build.0 = Release|Any CPU
		{0F1AA4BC-1B17-4D8C-9623-B9E57703A951}.Release|x86.ActiveCfg = Release|Any CPU
	EndGlobalSection
	GlobalSection(SolutionProperties) = preSolution
		HideSolutionNode = FALSE
	EndGlobalSection
EndGlobal
