
Microsoft Visual Studio Solution File, Format Version 11.00
# Visual Studio 2010
Project("{FAE04EC0-301F-11D3-BF4B-00C04F79EFBC}") = "MvcApplication1", "MvcApplication1\MvcApplication1.csproj", "{88BBB0B5-5877-4B17-9893-BC7CE4E7120D}"
EndProject
Project("{FAE04EC0-301F-11D3-BF4B-00C04F79EFBC}") = "RingRevenue_Call_Center.Tests", "RingRevenue_Call_Center.Tests\RingRevenue_Call_Center.Tests.csproj", "{B267E534-1405-4A2D-905B-06C3FD1D22AB}"
EndProject
Global
	GlobalSection(SolutionConfigurationPlatforms) = preSolution
		Debug|Any CPU = Debug|Any CPU
		Release|Any CPU = Release|Any CPU
	EndGlobalSection
	GlobalSection(ProjectConfigurationPlatforms) = postSolution
		{88BBB0B5-5877-4B17-9893-BC7CE4E7120D}.Debug|Any CPU.ActiveCfg = Debug|Any CPU
		{88BBB0B5-5877-4B17-9893-BC7CE4E7120D}.Debug|Any CPU.Build.0 = Debug|Any CPU
		{88BBB0B5-5877-4B17-9893-BC7CE4E7120D}.Release|Any CPU.ActiveCfg = Release|Any CPU
		{88BBB0B5-5877-4B17-9893-BC7CE4E7120D}.Release|Any CPU.Build.0 = Release|Any CPU
		{B267E534-1405-4A2D-905B-06C3FD1D22AB}.Debug|Any CPU.ActiveCfg = Debug|Any CPU
		{B267E534-1405-4A2D-905B-06C3FD1D22AB}.Debug|Any CPU.Build.0 = Debug|Any CPU
		{B267E534-1405-4A2D-905B-06C3FD1D22AB}.Release|Any CPU.ActiveCfg = Release|Any CPU
		{B267E534-1405-4A2D-905B-06C3FD1D22AB}.Release|Any CPU.Build.0 = Release|Any CPU
	EndGlobalSection
	GlobalSection(SolutionProperties) = preSolution
		HideSolutionNode = FALSE
	EndGlobalSection
EndGlobal
